// !$*UTF8*$!
{
	archiveVersion = 1;
	classes = {
	};
	objectVersion = 56;
	objects = {

/* Begin PBXBuildFile section */
		A5001001 /* cmuxApp.swift in Sources */ = {isa = PBXBuildFile; fileRef = A5001011 /* cmuxApp.swift */; };
		A5001002 /* ContentView.swift in Sources */ = {isa = PBXBuildFile; fileRef = A5001012 /* ContentView.swift */; };
		A5001003 /* TabManager.swift in Sources */ = {isa = PBXBuildFile; fileRef = A5001013 /* TabManager.swift */; };
		A5001004 /* GhosttyConfig.swift in Sources */ = {isa = PBXBuildFile; fileRef = A5001014 /* GhosttyConfig.swift */; };
		A5001005 /* GhosttyTerminalView.swift in Sources */ = {isa = PBXBuildFile; fileRef = A5001015 /* GhosttyTerminalView.swift */; };
		A5001006 /* GhosttyKit.xcframework in Frameworks */ = {isa = PBXBuildFile; fileRef = A5001016 /* GhosttyKit.xcframework */; };
		A5001007 /* TerminalController.swift in Sources */ = {isa = PBXBuildFile; fileRef = A5001019 /* TerminalController.swift */; };
		A5001226 /* SocketControlSettings.swift in Sources */ = {isa = PBXBuildFile; fileRef = A5001225 /* SocketControlSettings.swift */; };
		A5001093 /* AppDelegate.swift in Sources */ = {isa = PBXBuildFile; fileRef = A5001090 /* AppDelegate.swift */; };
		A5001094 /* NotificationsPage.swift in Sources */ = {isa = PBXBuildFile; fileRef = A5001091 /* NotificationsPage.swift */; };
		A5001095 /* TerminalNotificationStore.swift in Sources */ = {isa = PBXBuildFile; fileRef = A5001092 /* TerminalNotificationStore.swift */; };
		A5001250 /* Sentry in Frameworks */ = {isa = PBXBuildFile; productRef = A5001251 /* Sentry */; };
		A50010A4 /* SplitTree.swift in Sources */ = {isa = PBXBuildFile; fileRef = A50010A0 /* SplitTree.swift */; };
		A50010A5 /* SplitView.swift in Sources */ = {isa = PBXBuildFile; fileRef = A50010A1 /* SplitView.swift */; };
		A50010A6 /* TerminalSplitTreeView.swift in Sources */ = {isa = PBXBuildFile; fileRef = A50010A2 /* TerminalSplitTreeView.swift */; };
		A5001303 /* SurfaceSearchOverlay.swift in Sources */ = {isa = PBXBuildFile; fileRef = A5001301 /* SurfaceSearchOverlay.swift */; };
		A50012F1 /* Backport.swift in Sources */ = {isa = PBXBuildFile; fileRef = A50012F0 /* Backport.swift */; };
		A50012F3 /* KeyboardShortcutSettings.swift in Sources */ = {isa = PBXBuildFile; fileRef = A50012F2 /* KeyboardShortcutSettings.swift */; };
		A5001201 /* UpdateController.swift in Sources */ = {isa = PBXBuildFile; fileRef = A5001211 /* UpdateController.swift */; };
		A5001202 /* UpdateDelegate.swift in Sources */ = {isa = PBXBuildFile; fileRef = A5001212 /* UpdateDelegate.swift */; };
		A5001203 /* UpdateDriver.swift in Sources */ = {isa = PBXBuildFile; fileRef = A5001213 /* UpdateDriver.swift */; };
		A5001204 /* UpdateViewModel.swift in Sources */ = {isa = PBXBuildFile; fileRef = A5001214 /* UpdateViewModel.swift */; };
		A5001205 /* UpdatePill.swift in Sources */ = {isa = PBXBuildFile; fileRef = A5001215 /* UpdatePill.swift */; };
		A5001206 /* UpdateBadge.swift in Sources */ = {isa = PBXBuildFile; fileRef = A5001216 /* UpdateBadge.swift */; };
		A500120A /* UpdateTiming.swift in Sources */ = {isa = PBXBuildFile; fileRef = A5001220 /* UpdateTiming.swift */; };
		A500120B /* UpdateTestSupport.swift in Sources */ = {isa = PBXBuildFile; fileRef = A5001221 /* UpdateTestSupport.swift */; };
		A500120E /* UpdateTestURLProtocol.swift in Sources */ = {isa = PBXBuildFile; fileRef = A5001224 /* UpdateTestURLProtocol.swift */; };
		A500120C /* WindowAccessor.swift in Sources */ = {isa = PBXBuildFile; fileRef = A5001222 /* WindowAccessor.swift */; };
		A500120D /* UpdateLogStore.swift in Sources */ = {isa = PBXBuildFile; fileRef = A5001223 /* UpdateLogStore.swift */; };
		A5001207 /* UpdatePopoverView.swift in Sources */ = {isa = PBXBuildFile; fileRef = A5001217 /* UpdatePopoverView.swift */; };
		A5001208 /* UpdateTitlebarAccessory.swift in Sources */ = {isa = PBXBuildFile; fileRef = A5001218 /* UpdateTitlebarAccessory.swift */; };
		A5001209 /* WindowToolbarController.swift in Sources */ = {isa = PBXBuildFile; fileRef = A5001219 /* WindowToolbarController.swift */; };
		A5001240 /* WindowDecorationsController.swift in Sources */ = {isa = PBXBuildFile; fileRef = A5001241 /* WindowDecorationsController.swift */; };
		A5001100 /* Assets.xcassets in Resources */ = {isa = PBXBuildFile; fileRef = A5001101 /* Assets.xcassets */; };
		A5001230 /* Sparkle in Frameworks */ = {isa = PBXBuildFile; productRef = A5001231 /* Sparkle */; };
		B9000002A1B2C3D4E5F60719 /* cmuxterm.swift in Sources */ = {isa = PBXBuildFile; fileRef = B9000001A1B2C3D4E5F60719 /* cmuxterm.swift */; };
		B900000BA1B2C3D4E5F60719 /* cmuxterm in Copy CLI */ = {isa = PBXBuildFile; fileRef = B9000004A1B2C3D4E5F60719 /* cmuxterm */; };
		84E00D47E4584162AE53BC8D /* xterm-ghostty in Resources */ = {isa = PBXBuildFile; fileRef = B2E7294509CC42FE9191870E /* xterm-ghostty */; };
		B9000012A1B2C3D4E5F60719 /* AutomationSocketUITests.swift in Sources */ = {isa = PBXBuildFile; fileRef = B9000011A1B2C3D4E5F60719 /* AutomationSocketUITests.swift */; };
		B8F266236A1A3D9A45BD840F /* SidebarResizeUITests.swift in Sources */ = {isa = PBXBuildFile; fileRef = 818DBCD4AB69EB72573E8138 /* SidebarResizeUITests.swift */; };
		C0B4D9B0A1B2C3D4E5F60718 /* UpdatePillUITests.swift in Sources */ = {isa = PBXBuildFile; fileRef = C0B4D9B1A1B2C3D4E5F60718 /* UpdatePillUITests.swift */; };
		B9000014A1B2C3D4E5F60719 /* JumpToUnreadUITests.swift in Sources */ = {isa = PBXBuildFile; fileRef = B9000013A1B2C3D4E5F60719 /* JumpToUnreadUITests.swift */; };
/* End PBXBuildFile section */

/* Begin PBXCopyFilesBuildPhase section */
		A5001020 /* Embed Frameworks */ = {
			isa = PBXCopyFilesBuildPhase;
			buildActionMask = 2147483647;
			dstPath = "";
			dstSubfolderSpec = 10;
			files = (
			);
			name = "Embed Frameworks";
			runOnlyForDeploymentPostprocessing = 0;
		};
		B900000AA1B2C3D4E5F60719 /* Copy CLI */ = {
			isa = PBXCopyFilesBuildPhase;
			buildActionMask = 2147483647;
			dstPath = "bin";
			dstSubfolderSpec = 7;
			files = (
				B900000BA1B2C3D4E5F60719 /* cmuxterm in Copy CLI */,
			);
			name = "Copy CLI";
			runOnlyForDeploymentPostprocessing = 0;
		};
/* End PBXCopyFilesBuildPhase section */

/* Begin PBXContainerItemProxy section */
		738BF3D3196765B250928A93 /* PBXContainerItemProxy */ = {
			isa = PBXContainerItemProxy;
			containerPortal = A5001070 /* Project object */;
			proxyType = 1;
			remoteGlobalIDString = A5001050 /* GhosttyTabs */;
			remoteInfo = GhosttyTabs;
		};
		B900000DA1B2C3D4E5F60719 /* PBXContainerItemProxy */ = {
			isa = PBXContainerItemProxy;
			containerPortal = A5001070 /* Project object */;
			proxyType = 1;
			remoteGlobalIDString = B9000005A1B2C3D4E5F60719 /* cmuxterm-cli */;
			remoteInfo = "cmuxterm-cli";
		};
/* End PBXContainerItemProxy section */

/* Begin PBXFileReference section */
		A5001000 /* cmuxterm.app */ = {isa = PBXFileReference; explicitFileType = wrapper.application; includeInIndex = 0; path = cmuxterm.app; sourceTree = BUILT_PRODUCTS_DIR; };
		7E7E6EF344A568AC7FEE3715 /* GhosttyTabsUITests.xctest */ = {isa = PBXFileReference; explicitFileType = wrapper.cfbundle; includeInIndex = 0; path = GhosttyTabsUITests.xctest; sourceTree = BUILT_PRODUCTS_DIR; };
		A5001011 /* cmuxApp.swift */ = {isa = PBXFileReference; lastKnownFileType = sourcecode.swift; path = cmuxApp.swift; sourceTree = "<group>"; };
		A5001012 /* ContentView.swift */ = {isa = PBXFileReference; lastKnownFileType = sourcecode.swift; path = ContentView.swift; sourceTree = "<group>"; };
		A5001013 /* TabManager.swift */ = {isa = PBXFileReference; lastKnownFileType = sourcecode.swift; path = TabManager.swift; sourceTree = "<group>"; };
		A5001014 /* GhosttyConfig.swift */ = {isa = PBXFileReference; lastKnownFileType = sourcecode.swift; path = GhosttyConfig.swift; sourceTree = "<group>"; };
		A5001015 /* GhosttyTerminalView.swift */ = {isa = PBXFileReference; lastKnownFileType = sourcecode.swift; path = GhosttyTerminalView.swift; sourceTree = "<group>"; };
		A5001016 /* GhosttyKit.xcframework */ = {isa = PBXFileReference; lastKnownFileType = wrapper.xcframework; path = GhosttyKit.xcframework; sourceTree = "<group>"; };
		A5001017 /* ghostty.h */ = {isa = PBXFileReference; lastKnownFileType = sourcecode.c.h; path = ghostty.h; sourceTree = "<group>"; };
		A5001018 /* cmux-Bridging-Header.h */ = {isa = PBXFileReference; lastKnownFileType = sourcecode.c.h; path = "cmux-Bridging-Header.h"; sourceTree = "<group>"; };
		A5001019 /* TerminalController.swift */ = {isa = PBXFileReference; lastKnownFileType = sourcecode.swift; path = TerminalController.swift; sourceTree = "<group>"; };
		A5001225 /* SocketControlSettings.swift */ = {isa = PBXFileReference; lastKnownFileType = sourcecode.swift; path = SocketControlSettings.swift; sourceTree = "<group>"; };
		A5001090 /* AppDelegate.swift */ = {isa = PBXFileReference; lastKnownFileType = sourcecode.swift; path = AppDelegate.swift; sourceTree = "<group>"; };
		A5001091 /* NotificationsPage.swift */ = {isa = PBXFileReference; lastKnownFileType = sourcecode.swift; path = NotificationsPage.swift; sourceTree = "<group>"; };
		A5001092 /* TerminalNotificationStore.swift */ = {isa = PBXFileReference; lastKnownFileType = sourcecode.swift; path = TerminalNotificationStore.swift; sourceTree = "<group>"; };
		A50010A0 /* SplitTree.swift */ = {isa = PBXFileReference; lastKnownFileType = sourcecode.swift; path = Splits/SplitTree.swift; sourceTree = "<group>"; };
		A50010A1 /* SplitView.swift */ = {isa = PBXFileReference; lastKnownFileType = sourcecode.swift; path = Splits/SplitView.swift; sourceTree = "<group>"; };
		A50010A2 /* TerminalSplitTreeView.swift */ = {isa = PBXFileReference; lastKnownFileType = sourcecode.swift; path = Splits/TerminalSplitTreeView.swift; sourceTree = "<group>"; };
		A5001301 /* SurfaceSearchOverlay.swift */ = {isa = PBXFileReference; lastKnownFileType = sourcecode.swift; path = Find/SurfaceSearchOverlay.swift; sourceTree = "<group>"; };
		A50012F0 /* Backport.swift */ = {isa = PBXFileReference; lastKnownFileType = sourcecode.swift; path = Backport.swift; sourceTree = "<group>"; };
		A50012F2 /* KeyboardShortcutSettings.swift */ = {isa = PBXFileReference; lastKnownFileType = sourcecode.swift; path = KeyboardShortcutSettings.swift; sourceTree = "<group>"; };
		A5001211 /* UpdateController.swift */ = {isa = PBXFileReference; lastKnownFileType = sourcecode.swift; path = Update/UpdateController.swift; sourceTree = "<group>"; };
		A5001212 /* UpdateDelegate.swift */ = {isa = PBXFileReference; lastKnownFileType = sourcecode.swift; path = Update/UpdateDelegate.swift; sourceTree = "<group>"; };
		A5001213 /* UpdateDriver.swift */ = {isa = PBXFileReference; lastKnownFileType = sourcecode.swift; path = Update/UpdateDriver.swift; sourceTree = "<group>"; };
		A5001214 /* UpdateViewModel.swift */ = {isa = PBXFileReference; lastKnownFileType = sourcecode.swift; path = Update/UpdateViewModel.swift; sourceTree = "<group>"; };
		A5001215 /* UpdatePill.swift */ = {isa = PBXFileReference; lastKnownFileType = sourcecode.swift; path = Update/UpdatePill.swift; sourceTree = "<group>"; };
		A5001216 /* UpdateBadge.swift */ = {isa = PBXFileReference; lastKnownFileType = sourcecode.swift; path = Update/UpdateBadge.swift; sourceTree = "<group>"; };
		A5001220 /* UpdateTiming.swift */ = {isa = PBXFileReference; lastKnownFileType = sourcecode.swift; path = Update/UpdateTiming.swift; sourceTree = "<group>"; };
		A5001221 /* UpdateTestSupport.swift */ = {isa = PBXFileReference; lastKnownFileType = sourcecode.swift; path = Update/UpdateTestSupport.swift; sourceTree = "<group>"; };
		A5001224 /* UpdateTestURLProtocol.swift */ = {isa = PBXFileReference; lastKnownFileType = sourcecode.swift; path = Update/UpdateTestURLProtocol.swift; sourceTree = "<group>"; };
		A5001217 /* UpdatePopoverView.swift */ = {isa = PBXFileReference; lastKnownFileType = sourcecode.swift; path = Update/UpdatePopoverView.swift; sourceTree = "<group>"; };
		A5001218 /* UpdateTitlebarAccessory.swift */ = {isa = PBXFileReference; lastKnownFileType = sourcecode.swift; path = Update/UpdateTitlebarAccessory.swift; sourceTree = "<group>"; };
		A5001219 /* WindowToolbarController.swift */ = {isa = PBXFileReference; lastKnownFileType = sourcecode.swift; path = WindowToolbarController.swift; sourceTree = "<group>"; };
		A5001222 /* WindowAccessor.swift */ = {isa = PBXFileReference; lastKnownFileType = sourcecode.swift; path = WindowAccessor.swift; sourceTree = "<group>"; };
		A5001223 /* UpdateLogStore.swift */ = {isa = PBXFileReference; lastKnownFileType = sourcecode.swift; path = Update/UpdateLogStore.swift; sourceTree = "<group>"; };
		A5001241 /* WindowDecorationsController.swift */ = {isa = PBXFileReference; lastKnownFileType = sourcecode.swift; path = WindowDecorationsController.swift; sourceTree = "<group>"; };
		818DBCD4AB69EB72573E8138 /* SidebarResizeUITests.swift */ = {isa = PBXFileReference; lastKnownFileType = sourcecode.swift; path = SidebarResizeUITests.swift; sourceTree = "<group>"; };
		C0B4D9B1A1B2C3D4E5F60718 /* UpdatePillUITests.swift */ = {isa = PBXFileReference; lastKnownFileType = sourcecode.swift; path = UpdatePillUITests.swift; sourceTree = "<group>"; };
		A5001101 /* Assets.xcassets */ = {isa = PBXFileReference; lastKnownFileType = folder.assetcatalog; path = Assets.xcassets; sourceTree = "<group>"; };
		B2E7294509CC42FE9191870E /* xterm-ghostty */ = {isa = PBXFileReference; lastKnownFileType = file; path = "ghostty/terminfo/78/xterm-ghostty"; sourceTree = "<group>"; };
		B9000001A1B2C3D4E5F60719 /* cmuxterm.swift */ = {isa = PBXFileReference; lastKnownFileType = sourcecode.swift; path = cmuxterm.swift; sourceTree = "<group>"; };
		B9000004A1B2C3D4E5F60719 /* cmuxterm */ = {isa = PBXFileReference; explicitFileType = "compiled.mach-o.executable"; includeInIndex = 0; path = cmuxterm; sourceTree = BUILT_PRODUCTS_DIR; };
		B9000011A1B2C3D4E5F60719 /* AutomationSocketUITests.swift */ = {isa = PBXFileReference; lastKnownFileType = sourcecode.swift; path = AutomationSocketUITests.swift; sourceTree = "<group>"; };
		B9000013A1B2C3D4E5F60719 /* JumpToUnreadUITests.swift */ = {isa = PBXFileReference; lastKnownFileType = sourcecode.swift; path = JumpToUnreadUITests.swift; sourceTree = "<group>"; };
/* End PBXFileReference section */

/* Begin PBXFrameworksBuildPhase section */
		A5001030 /* Frameworks */ = {
			isa = PBXFrameworksBuildPhase;
			buildActionMask = 2147483647;
			files = (
				A5001006 /* GhosttyKit.xcframework in Frameworks */,
				A5001230 /* Sparkle in Frameworks */,
				A5001250 /* Sentry in Frameworks */,
			);
			runOnlyForDeploymentPostprocessing = 0;
		};
		AB408954939A11B8A87BB5DE /* Frameworks */ = {
			isa = PBXFrameworksBuildPhase;
			buildActionMask = 2147483647;
			files = (
			);
			runOnlyForDeploymentPostprocessing = 0;
		};
		B900000CA1B2C3D4E5F60719 /* Frameworks */ = {
			isa = PBXFrameworksBuildPhase;
			buildActionMask = 2147483647;
			files = (
			);
			runOnlyForDeploymentPostprocessing = 0;
		};
/* End PBXFrameworksBuildPhase section */

/* Begin PBXResourcesBuildPhase section */
		A5001102 /* Resources */ = {
			isa = PBXResourcesBuildPhase;
			buildActionMask = 2147483647;
			files = (
				A5001100 /* Assets.xcassets in Resources */,
				84E00D47E4584162AE53BC8D /* xterm-ghostty in Resources */,
			);
			runOnlyForDeploymentPostprocessing = 0;
		};
		EC1BC8BE24F703F6BBEAA1DE /* Resources */ = {
			isa = PBXResourcesBuildPhase;
			buildActionMask = 2147483647;
			files = (
			);
			runOnlyForDeploymentPostprocessing = 0;
		};
/* End PBXResourcesBuildPhase section */

/* Begin PBXShellScriptBuildPhase section */
		A5001300A1B2C3D4E5F60719 /* Copy Ghostty Resources */ = {
			isa = PBXShellScriptBuildPhase;
			buildActionMask = 2147483647;
			files = (
			);
			inputFileListPaths = (
			);
			inputPaths = (
			);
			outputFileListPaths = (
			);
			outputPaths = (
			);
			runOnlyForDeploymentPostprocessing = 0;
			shellPath = /bin/sh;
			shellScript = "set -euo pipefail\nDEST=\"${TARGET_BUILD_DIR}/${UNLOCALIZED_RESOURCES_FOLDER_PATH}\"\nGHOSTTY_DEST=\"${DEST}/ghostty\"\nTERMINFO_DEST=\"${DEST}/terminfo\"\nSRC_SHARE=\"${SRCROOT}/ghostty/zig-out/share\"\nGHOSTTY_SRC=\"${SRC_SHARE}/ghostty\"\nTERMINFO_SRC=\"${SRC_SHARE}/terminfo\"\nFALLBACK_GHOSTTY=\"${SRCROOT}/Resources/ghostty\"\nFALLBACK_TERMINFO=\"${SRCROOT}/Resources/ghostty/terminfo\"\nif [ -d \"$GHOSTTY_SRC\" ]; then\n  mkdir -p \"$GHOSTTY_DEST\"\n  rsync -a --delete \"$GHOSTTY_SRC/\" \"$GHOSTTY_DEST/\"\nelif [ -d \"$FALLBACK_GHOSTTY\" ]; then\n  mkdir -p \"$GHOSTTY_DEST\"\n  rsync -a --delete \"$FALLBACK_GHOSTTY/\" \"$GHOSTTY_DEST/\"\nfi\nif [ -d \"$TERMINFO_SRC\" ]; then\n  mkdir -p \"$TERMINFO_DEST\"\n  rsync -a --delete \"$TERMINFO_SRC/\" \"$TERMINFO_DEST/\"\nelif [ -d \"$FALLBACK_TERMINFO\" ]; then\n  mkdir -p \"$TERMINFO_DEST\"\n  rsync -a --delete \"$FALLBACK_TERMINFO/\" \"$TERMINFO_DEST/\"\nfi\nINFO_PLIST=\"${TARGET_BUILD_DIR}/${INFOPLIST_PATH}\"\nCOMMIT=\"$(git -C \"${SRCROOT}\" rev-parse --short=9 HEAD 2>/dev/null || true)\"\nif [ -n \"$COMMIT\" ] && [ -f \"$INFO_PLIST\" ]; then\n  /usr/libexec/PlistBuddy -c \"Set :CMUXCommit $COMMIT\" \"$INFO_PLIST\" >/dev/null 2>&1 || /usr/libexec/PlistBuddy -c \"Add :CMUXCommit string $COMMIT\" \"$INFO_PLIST\" >/dev/null 2>&1 || true\nfi\n";
		};
/* End PBXShellScriptBuildPhase section */

/* Begin PBXGroup section */
		A5001040 = {
			isa = PBXGroup;
			children = (
				A5001041 /* Sources */,
				B9000003A1B2C3D4E5F60719 /* CLI */,
				087C454FFF74443AB06942C3 /* Resources */,
				A5001101 /* Assets.xcassets */,
				A5001016 /* GhosttyKit.xcframework */,
				A5001017 /* ghostty.h */,
				A5001018 /* cmux-Bridging-Header.h */,
				3196C9C2D01F054C1D3385DD /* GhosttyTabsUITests */,
				A5001042 /* Products */,
			);
			sourceTree = "<group>";
		};
		A5001041 /* Sources */ = {
			isa = PBXGroup;
			children = (
				A5001011 /* cmuxApp.swift */,
				A5001012 /* ContentView.swift */,
				A50012F0 /* Backport.swift */,
				A50012F2 /* KeyboardShortcutSettings.swift */,
				A5001013 /* TabManager.swift */,
				A5001014 /* GhosttyConfig.swift */,
				A5001015 /* GhosttyTerminalView.swift */,
				A5001019 /* TerminalController.swift */,
				A5001225 /* SocketControlSettings.swift */,
				A5001090 /* AppDelegate.swift */,
				A5001091 /* NotificationsPage.swift */,
				A5001092 /* TerminalNotificationStore.swift */,
				A50010A0 /* SplitTree.swift */,
				A50010A1 /* SplitView.swift */,
				A50010A2 /* TerminalSplitTreeView.swift */,
				A5001301 /* SurfaceSearchOverlay.swift */,
				A5001211 /* UpdateController.swift */,
				A5001212 /* UpdateDelegate.swift */,
				A5001213 /* UpdateDriver.swift */,
				A5001214 /* UpdateViewModel.swift */,
				A5001215 /* UpdatePill.swift */,
				A5001216 /* UpdateBadge.swift */,
				A5001220 /* UpdateTiming.swift */,
				A5001221 /* UpdateTestSupport.swift */,
				A5001224 /* UpdateTestURLProtocol.swift */,
				A5001223 /* UpdateLogStore.swift */,
				A5001217 /* UpdatePopoverView.swift */,
				A5001218 /* UpdateTitlebarAccessory.swift */,
				A5001219 /* WindowToolbarController.swift */,
				A5001241 /* WindowDecorationsController.swift */,
				A5001222 /* WindowAccessor.swift */,
			);
			path = Sources;
			sourceTree = "<group>";
		};
		B9000003A1B2C3D4E5F60719 /* CLI */ = {
			isa = PBXGroup;
			children = (
				B9000001A1B2C3D4E5F60719 /* cmuxterm.swift */,
			);
			path = CLI;
			sourceTree = "<group>";
		};
		087C454FFF74443AB06942C3 /* Resources */ = {
			isa = PBXGroup;
			children = (
				B2E7294509CC42FE9191870E /* xterm-ghostty */,
			);
			path = Resources;
			sourceTree = "<group>";
		};
		A5001042 /* Products */ = {
			isa = PBXGroup;
			children = (
				A5001000 /* cmuxterm.app */,
				B9000004A1B2C3D4E5F60719 /* cmuxterm */,
				7E7E6EF344A568AC7FEE3715 /* GhosttyTabsUITests.xctest */,
			);
			name = Products;
			sourceTree = "<group>";
		};
		3196C9C2D01F054C1D3385DD /* GhosttyTabsUITests */ = {
			isa = PBXGroup;
			children = (
				B9000011A1B2C3D4E5F60719 /* AutomationSocketUITests.swift */,
				B9000013A1B2C3D4E5F60719 /* JumpToUnreadUITests.swift */,
				818DBCD4AB69EB72573E8138 /* SidebarResizeUITests.swift */,
				C0B4D9B1A1B2C3D4E5F60718 /* UpdatePillUITests.swift */,
			);
			path = GhosttyTabsUITests;
			sourceTree = "<group>";
		};
/* End PBXGroup section */

/* Begin PBXNativeTarget section */
		A5001050 /* GhosttyTabs */ = {
			isa = PBXNativeTarget;
			buildConfigurationList = A5001060 /* Build configuration list for PBXNativeTarget "GhosttyTabs" */;
			buildPhases = (
				A5001051 /* Sources */,
				A5001030 /* Frameworks */,
				A5001300A1B2C3D4E5F60719 /* Copy Ghostty Resources */,
				A5001102 /* Resources */,
				A5001020 /* Embed Frameworks */,
				B900000AA1B2C3D4E5F60719 /* Copy CLI */,
			);
			buildRules = (
			);
			dependencies = (
				B900000EA1B2C3D4E5F60719 /* PBXTargetDependency */,
			);
			packageProductDependencies = (
				A5001231 /* Sparkle */,
				A5001251 /* Sentry */,
			);
			name = GhosttyTabs;
			productName = GhosttyTabs;
			productReference = A5001000 /* cmuxterm.app */;
			productType = "com.apple.product-type.application";
		};
		B9000005A1B2C3D4E5F60719 /* cmuxterm-cli */ = {
			isa = PBXNativeTarget;
			buildConfigurationList = B9000007A1B2C3D4E5F60719 /* Build configuration list for PBXNativeTarget "cmuxterm-cli" */;
			buildPhases = (
				B9000006A1B2C3D4E5F60719 /* Sources */,
				B900000CA1B2C3D4E5F60719 /* Frameworks */,
			);
			buildRules = (
			);
			dependencies = (
			);
			name = "cmuxterm-cli";
			productName = cmuxterm;
			productReference = B9000004A1B2C3D4E5F60719 /* cmuxterm */;
			productType = "com.apple.product-type.tool";
		};
		CB450DF0F0B3839599082C4D /* GhosttyTabsUITests */ = {
			isa = PBXNativeTarget;
			buildConfigurationList = AD2C7ED08993D3CD4910A1FF /* Build configuration list for PBXNativeTarget "GhosttyTabsUITests" */;
			buildPhases = (
				E436EF0BA8EC9E6721A42F79 /* Sources */,
				AB408954939A11B8A87BB5DE /* Frameworks */,
				EC1BC8BE24F703F6BBEAA1DE /* Resources */,
			);
			buildRules = (
			);
			dependencies = (
				32568B0DCFC8656BA952468E /* PBXTargetDependency */,
			);
			name = GhosttyTabsUITests;
			productName = GhosttyTabsUITests;
			productReference = 7E7E6EF344A568AC7FEE3715 /* GhosttyTabsUITests.xctest */;
			productType = "com.apple.product-type.bundle.ui-testing";
		};
/* End PBXNativeTarget section */

/* Begin PBXProject section */
		A5001070 /* Project object */ = {
			isa = PBXProject;
			attributes = {
				BuildIndependentTargetsInParallel = 1;
				LastSwiftUpdateCheck = 1500;
				LastUpgradeCheck = 1500;
			};
			buildConfigurationList = A5001071 /* Build configuration list for PBXProject "GhosttyTabs" */;
			compatibilityVersion = "Xcode 14.0";
			developmentRegion = en;
			hasScannedForEncodings = 0;
			knownRegions = (
				en,
				Base,
			);
			mainGroup = A5001040;
			packageReferences = (
				A5001232 /* XCRemoteSwiftPackageReference "Sparkle" */,
				A5001252 /* XCRemoteSwiftPackageReference "sentry-cocoa" */,
			);
			productRefGroup = A5001042 /* Products */;
			projectDirPath = "";
			projectRoot = "";
			targets = (
				A5001050 /* GhosttyTabs */,
				B9000005A1B2C3D4E5F60719 /* cmuxterm-cli */,
				CB450DF0F0B3839599082C4D /* GhosttyTabsUITests */,
			);
		};
/* End PBXProject section */

/* Begin PBXSourcesBuildPhase section */
		A5001051 /* Sources */ = {
			isa = PBXSourcesBuildPhase;
			buildActionMask = 2147483647;
			files = (
				A5001001 /* cmuxApp.swift in Sources */,
				A5001002 /* ContentView.swift in Sources */,
				A50012F1 /* Backport.swift in Sources */,
				A50012F3 /* KeyboardShortcutSettings.swift in Sources */,
				A5001003 /* TabManager.swift in Sources */,
				A5001004 /* GhosttyConfig.swift in Sources */,
				A5001005 /* GhosttyTerminalView.swift in Sources */,
				A5001007 /* TerminalController.swift in Sources */,
				A5001226 /* SocketControlSettings.swift in Sources */,
				A5001093 /* AppDelegate.swift in Sources */,
				A5001094 /* NotificationsPage.swift in Sources */,
				A5001095 /* TerminalNotificationStore.swift in Sources */,
				A50010A4 /* SplitTree.swift in Sources */,
				A50010A5 /* SplitView.swift in Sources */,
				A50010A6 /* TerminalSplitTreeView.swift in Sources */,
				A5001303 /* SurfaceSearchOverlay.swift in Sources */,
				A5001201 /* UpdateController.swift in Sources */,
				A5001202 /* UpdateDelegate.swift in Sources */,
				A5001203 /* UpdateDriver.swift in Sources */,
				A5001204 /* UpdateViewModel.swift in Sources */,
				A5001205 /* UpdatePill.swift in Sources */,
				A5001206 /* UpdateBadge.swift in Sources */,
				A500120A /* UpdateTiming.swift in Sources */,
				A500120B /* UpdateTestSupport.swift in Sources */,
				A500120E /* UpdateTestURLProtocol.swift in Sources */,
				A500120D /* UpdateLogStore.swift in Sources */,
				A5001207 /* UpdatePopoverView.swift in Sources */,
				A5001208 /* UpdateTitlebarAccessory.swift in Sources */,
				A5001209 /* WindowToolbarController.swift in Sources */,
				A5001240 /* WindowDecorationsController.swift in Sources */,
				A500120C /* WindowAccessor.swift in Sources */,
			);
			runOnlyForDeploymentPostprocessing = 0;
		};
		E436EF0BA8EC9E6721A42F79 /* Sources */ = {
			isa = PBXSourcesBuildPhase;
			buildActionMask = 2147483647;
			files = (
				B9000012A1B2C3D4E5F60719 /* AutomationSocketUITests.swift in Sources */,
				B9000014A1B2C3D4E5F60719 /* JumpToUnreadUITests.swift in Sources */,
				B8F266236A1A3D9A45BD840F /* SidebarResizeUITests.swift in Sources */,
				C0B4D9B0A1B2C3D4E5F60718 /* UpdatePillUITests.swift in Sources */,
			);
			runOnlyForDeploymentPostprocessing = 0;
		};
		B9000006A1B2C3D4E5F60719 /* Sources */ = {
			isa = PBXSourcesBuildPhase;
			buildActionMask = 2147483647;
			files = (
				B9000002A1B2C3D4E5F60719 /* cmuxterm.swift in Sources */,
			);
			runOnlyForDeploymentPostprocessing = 0;
		};
/* End PBXSourcesBuildPhase section */

/* Begin PBXTargetDependency section */
		32568B0DCFC8656BA952468E /* PBXTargetDependency */ = {
			isa = PBXTargetDependency;
			target = A5001050 /* GhosttyTabs */;
			targetProxy = 738BF3D3196765B250928A93 /* PBXContainerItemProxy */;
		};
		B900000EA1B2C3D4E5F60719 /* PBXTargetDependency */ = {
			isa = PBXTargetDependency;
			target = B9000005A1B2C3D4E5F60719 /* cmuxterm-cli */;
			targetProxy = B900000DA1B2C3D4E5F60719 /* PBXContainerItemProxy */;
		};
/* End PBXTargetDependency section */

/* Begin XCBuildConfiguration section */
		A5001080 /* Debug */ = {
			isa = XCBuildConfiguration;
			buildSettings = {
				ALWAYS_SEARCH_USER_PATHS = NO;
				CLANG_ANALYZER_NONNULL = YES;
				CLANG_ENABLE_MODULES = YES;
				CLANG_ENABLE_OBJC_ARC = YES;
				COPY_PHASE_STRIP = NO;
				DEBUG_INFORMATION_FORMAT = dwarf;
				ENABLE_STRICT_OBJC_MSGSEND = YES;
				ENABLE_TESTABILITY = YES;
				GCC_DYNAMIC_NO_PIC = NO;
				GCC_NO_COMMON_BLOCKS = YES;
				GCC_OPTIMIZATION_LEVEL = 0;
				GCC_PREPROCESSOR_DEFINITIONS = (
					"DEBUG=1",
					"$(inherited)",
				);
				GCC_WARN_64_TO_32_BIT_CONVERSION = YES;
				GCC_WARN_ABOUT_RETURN_TYPE = YES_ERROR;
				GCC_WARN_UNDECLARED_SELECTOR = YES;
				GCC_WARN_UNINITIALIZED_AUTOS = YES_AGGRESSIVE;
				GCC_WARN_UNUSED_FUNCTION = YES;
				GCC_WARN_UNUSED_VARIABLE = YES;
				MACOSX_DEPLOYMENT_TARGET = 13.0;
				MTL_ENABLE_DEBUG_INFO = INCLUDE_SOURCE;
				MTL_FAST_MATH = YES;
				ONLY_ACTIVE_ARCH = YES;
				SDKROOT = macosx;
				SWIFT_ACTIVE_COMPILATION_CONDITIONS = DEBUG;
				SWIFT_OPTIMIZATION_LEVEL = "-Onone";
			};
			name = Debug;
		};
		A5001081 /* Release */ = {
			isa = XCBuildConfiguration;
			buildSettings = {
				ALWAYS_SEARCH_USER_PATHS = NO;
				CLANG_ANALYZER_NONNULL = YES;
				CLANG_ENABLE_MODULES = YES;
				CLANG_ENABLE_OBJC_ARC = YES;
				COPY_PHASE_STRIP = NO;
				DEBUG_INFORMATION_FORMAT = "dwarf-with-dsym";
				ENABLE_NS_ASSERTIONS = NO;
				ENABLE_STRICT_OBJC_MSGSEND = YES;
				GCC_NO_COMMON_BLOCKS = YES;
				GCC_WARN_64_TO_32_BIT_CONVERSION = YES;
				GCC_WARN_ABOUT_RETURN_TYPE = YES_ERROR;
				GCC_WARN_UNDECLARED_SELECTOR = YES;
				GCC_WARN_UNINITIALIZED_AUTOS = YES_AGGRESSIVE;
				GCC_WARN_UNUSED_FUNCTION = YES;
				GCC_WARN_UNUSED_VARIABLE = YES;
				MACOSX_DEPLOYMENT_TARGET = 13.0;
				MTL_ENABLE_DEBUG_INFO = NO;
				MTL_FAST_MATH = YES;
				SDKROOT = macosx;
				SWIFT_COMPILATION_MODE = wholemodule;
				SWIFT_OPTIMIZATION_LEVEL = "-O";
			};
			name = Release;
		};
		A5001082 /* Debug */ = {
			isa = XCBuildConfiguration;
			buildSettings = {
				ASSETCATALOG_COMPILER_APPICON_NAME = "AppIcon-Debug";
				CODE_SIGN_ENTITLEMENTS = "";
				CODE_SIGN_STYLE = Automatic;
				COMBINE_HIDPI_IMAGES = YES;
				CURRENT_PROJECT_VERSION = 18;
				DEVELOPMENT_TEAM = "";
				ENABLE_HARDENED_RUNTIME = NO;
				GENERATE_INFOPLIST_FILE = YES;
				INFOPLIST_KEY_CFBundleDisplayName = "cmuxterm DEV";
				INFOPLIST_KEY_CFBundleName = "cmuxterm DEV";
				INFOPLIST_KEY_LSApplicationCategoryType = "public.app-category.developer-tools";
				INFOPLIST_KEY_NSHumanReadableCopyright = "";
				INFOPLIST_KEY_NSMainStoryboardFile = "";
				INFOPLIST_KEY_NSPrincipalClass = NSApplication;
				INFOPLIST_KEY_SUFeedURL = "https://github.com/manaflow-ai/cmuxterm/releases/latest/download/appcast.xml";
				INFOPLIST_KEY_SUPublicEDKey = "$(SPARKLE_PUBLIC_KEY)";
				LD_RUNPATH_SEARCH_PATHS = (
					"$(inherited)",
					"@executable_path/../Frameworks",
				);
				MARKETING_VERSION = 1.15.0;
				OTHER_LDFLAGS = (
					"-lc++",
					"-framework",
					Metal,
					"-framework",
					QuartzCore,
					"-framework",
					IOSurface,
					"-framework",
					UniformTypeIdentifiers,
					"-framework",
					Carbon,
				);
				PRODUCT_BUNDLE_IDENTIFIER = com.cmuxterm.app.debug;
				PRODUCT_NAME = "cmuxterm DEV";
				SWIFT_EMIT_LOC_STRINGS = YES;
				SWIFT_OBJC_BRIDGING_HEADER = "cmux-Bridging-Header.h";
				SWIFT_VERSION = 5.0;
			};
			name = Debug;
		};
		A5001083 /* Release */ = {
			isa = XCBuildConfiguration;
			buildSettings = {
				ASSETCATALOG_COMPILER_APPICON_NAME = AppIcon;
				CODE_SIGN_ENTITLEMENTS = "";
				CODE_SIGN_STYLE = Automatic;
				COMBINE_HIDPI_IMAGES = YES;
				CURRENT_PROJECT_VERSION = 18;
				DEVELOPMENT_TEAM = "";
				ENABLE_HARDENED_RUNTIME = NO;
				GENERATE_INFOPLIST_FILE = YES;
				INFOPLIST_KEY_CFBundleDisplayName = cmuxterm;
				INFOPLIST_KEY_CFBundleName = cmuxterm;
				INFOPLIST_KEY_LSApplicationCategoryType = "public.app-category.developer-tools";
				INFOPLIST_KEY_NSHumanReadableCopyright = "";
				INFOPLIST_KEY_NSMainStoryboardFile = "";
				INFOPLIST_KEY_NSPrincipalClass = NSApplication;
				INFOPLIST_KEY_SUFeedURL = "https://github.com/manaflow-ai/cmuxterm/releases/latest/download/appcast.xml";
				INFOPLIST_KEY_SUPublicEDKey = "$(SPARKLE_PUBLIC_KEY)";
				LD_RUNPATH_SEARCH_PATHS = (
					"$(inherited)",
					"@executable_path/../Frameworks",
				);
				MARKETING_VERSION = 1.15.0;
				OTHER_LDFLAGS = (
					"-lc++",
					"-framework",
					Metal,
					"-framework",
					QuartzCore,
					"-framework",
					IOSurface,
					"-framework",
					UniformTypeIdentifiers,
					"-framework",
					Carbon,
				);
				ONLY_ACTIVE_ARCH = YES;
				PRODUCT_BUNDLE_IDENTIFIER = com.cmuxterm.app;
				PRODUCT_NAME = cmuxterm;
				SWIFT_EMIT_LOC_STRINGS = YES;
				SWIFT_OBJC_BRIDGING_HEADER = "cmux-Bridging-Header.h";
				SWIFT_VERSION = 5.0;
			};
			name = Release;
		};
		B9000008A1B2C3D4E5F60719 /* Debug */ = {
			isa = XCBuildConfiguration;
			buildSettings = {
				CODE_SIGN_STYLE = Automatic;
				MACOSX_DEPLOYMENT_TARGET = 13.0;
				PRODUCT_NAME = cmuxterm;
				PRODUCT_MODULE_NAME = cmuxterm_cli;
				SWIFT_ACTIVE_COMPILATION_CONDITIONS = DEBUG;
				SWIFT_OPTIMIZATION_LEVEL = "-Onone";
				SWIFT_VERSION = 5.0;
			};
			name = Debug;
		};
		B9000009A1B2C3D4E5F60719 /* Release */ = {
			isa = XCBuildConfiguration;
			buildSettings = {
				CODE_SIGN_STYLE = Automatic;
				MACOSX_DEPLOYMENT_TARGET = 13.0;
				PRODUCT_NAME = cmuxterm;
				PRODUCT_MODULE_NAME = cmuxterm_cli;
				SWIFT_COMPILATION_MODE = wholemodule;
				SWIFT_OPTIMIZATION_LEVEL = "-O";
				SWIFT_VERSION = 5.0;
			};
			name = Release;
		};
		C117776A77E71D1432F570D7 /* Debug */ = {
			isa = XCBuildConfiguration;
			buildSettings = {
				CODE_SIGN_STYLE = Automatic;
				CURRENT_PROJECT_VERSION = 18;
				GENERATE_INFOPLIST_FILE = YES;
				MACOSX_DEPLOYMENT_TARGET = 13.0;
				MARKETING_VERSION = 1.15.0;
				ONLY_ACTIVE_ARCH = YES;
				PRODUCT_BUNDLE_IDENTIFIER = com.cmuxterm.appuitests;
				PRODUCT_NAME = "$(TARGET_NAME)";
				SWIFT_ACTIVE_COMPILATION_CONDITIONS = "DEBUG $(inherited)";
				SWIFT_VERSION = 5.0;
				TEST_TARGET_NAME = GhosttyTabs;
			};
			name = Debug;
		};
		442A6A86CAC6E8AD27FDD8F2 /* Release */ = {
			isa = XCBuildConfiguration;
			buildSettings = {
				CODE_SIGN_STYLE = Automatic;
				CURRENT_PROJECT_VERSION = 18;
				GENERATE_INFOPLIST_FILE = YES;
				MACOSX_DEPLOYMENT_TARGET = 13.0;
				MARKETING_VERSION = 1.15.0;
				ONLY_ACTIVE_ARCH = YES;
				PRODUCT_BUNDLE_IDENTIFIER = com.cmuxterm.appuitests;
				PRODUCT_NAME = "$(TARGET_NAME)";
				SWIFT_VERSION = 5.0;
				TEST_TARGET_NAME = GhosttyTabs;
			};
			name = Release;
		};
/* End XCBuildConfiguration section */

/* Begin XCRemoteSwiftPackageReference section */
		A5001232 /* XCRemoteSwiftPackageReference "Sparkle" */ = {
			isa = XCRemoteSwiftPackageReference;
			repositoryURL = "https://github.com/sparkle-project/Sparkle";
			requirement = {
				kind = upToNextMajorVersion;
				minimumVersion = 2.5.1;
			};
		};
		A5001252 /* XCRemoteSwiftPackageReference "sentry-cocoa" */ = {
			isa = XCRemoteSwiftPackageReference;
			repositoryURL = "https://github.com/getsentry/sentry-cocoa.git";
			requirement = {
				kind = upToNextMajorVersion;
				minimumVersion = 9.3.0;
			};
		};
/* End XCRemoteSwiftPackageReference section */

/* Begin XCSwiftPackageProductDependency section */
		A5001231 /* Sparkle */ = {
			isa = XCSwiftPackageProductDependency;
			package = A5001232 /* XCRemoteSwiftPackageReference "Sparkle" */;
			productName = Sparkle;
		};
		A5001251 /* Sentry */ = {
			isa = XCSwiftPackageProductDependency;
			package = A5001252 /* XCRemoteSwiftPackageReference "sentry-cocoa" */;
			productName = Sentry;
		};
/* End XCSwiftPackageProductDependency section */

/* Begin XCConfigurationList section */
	A5001060 /* Build configuration list for PBXNativeTarget "GhosttyTabs" */ = {
		isa = XCConfigurationList;
		buildConfigurations = (
			A5001082 /* Debug */,
			A5001083 /* Release */,
		);
		defaultConfigurationIsVisible = 0;
		defaultConfigurationName = Release;
	};
	AD2C7ED08993D3CD4910A1FF /* Build configuration list for PBXNativeTarget "GhosttyTabsUITests" */ = {
		isa = XCConfigurationList;
		buildConfigurations = (
			C117776A77E71D1432F570D7 /* Debug */,
			442A6A86CAC6E8AD27FDD8F2 /* Release */,
		);
		defaultConfigurationIsVisible = 0;
		defaultConfigurationName = Release;
	};
	B9000007A1B2C3D4E5F60719 /* Build configuration list for PBXNativeTarget "cmuxterm-cli" */ = {
		isa = XCConfigurationList;
		buildConfigurations = (
			B9000008A1B2C3D4E5F60719 /* Debug */,
			B9000009A1B2C3D4E5F60719 /* Release */,
		);
		defaultConfigurationIsVisible = 0;
		defaultConfigurationName = Release;
	};
	A5001071 /* Build configuration list for PBXProject "GhosttyTabs" */ = {
			isa = XCConfigurationList;
			buildConfigurations = (
				A5001080 /* Debug */,
				A5001081 /* Release */,
			);
			defaultConfigurationIsVisible = 0;
			defaultConfigurationName = Release;
		};
/* End XCConfigurationList section */
	};
	rootObject = A5001070 /* Project object */;
}
